
Microsoft Visual Studio Solution File, Format Version 12.00
# Visual Studio Version 16
VisualStudioVersion = 16.0.31019.35
MinimumVisualStudioVersion = 10.0.40219.1
Project("{9A19103F-16F7-4668-BE54-9A1E7A4F7556}") = "Api.Application", "GameBalance\Api.Application.csproj", "{D39639FA-D885-44F9-B493-C173ABA6B003}"
EndProject
Project("{9A19103F-16F7-4668-BE54-9A1E7A4F7556}") = "Api.Domain", "Domain\Api.Domain\Api.Domain.csproj", "{8E252DA6-EBAE-4B4E-ADBC-9DE26776BA59}"
EndProject
Project("{9A19103F-16F7-4668-BE54-9A1E7A4F7556}") = "Api.CrossCutting", "CrossCutting\Api.CrossCutting\Api.CrossCutting.csproj", "{E45C4DD1-A046-44B3-BC52-25879E20CE73}"
EndProject
Project("{9A19103F-16F7-4668-BE54-9A1E7A4F7556}") = "Api.Service", "Api.Service\Api.Service.csproj", "{B9088318-8A8F-4161-B588-E9CA64752698}"
EndProject
Project("{9A19103F-16F7-4668-BE54-9A1E7A4F7556}") = "Api.Data", "Api.Data\Api.Data.csproj", "{A803E41C-BE72-4EF2-A4BA-AD2744D26CEB}"
EndProject
Project("{9A19103F-16F7-4668-BE54-9A1E7A4F7556}") = "Api.Service.Test", "Api.Service.Test\Api.Service.Test.csproj", "{8F2E0682-467D-4DE9-9E5F-126DE79B5789}"
EndProject
Project("{9A19103F-16F7-4668-BE54-9A1E7A4F7556}") = "Api.Data.Test", "Api.Data.Test\Api.Data.Test.csproj", "{C82A6214-084D-4899-98D8-663F3C82FEF4}"
EndProject
Project("{9A19103F-16F7-4668-BE54-9A1E7A4F7556}") = "Api.Application.Test", "Api.Application.Test\Api.Application.Test.csproj", "{EB2DA349-D661-4CC0-8C48-885A3AFF48CB}"
EndProject
Project("{2150E333-8FDC-42A3-9474-1A3956D46DE8}") = "Solution Items", "Solution Items", "{0B205D86-4FF5-4865-B869-7D19B8A8D673}"
	ProjectSection(SolutionItems) = preProject
		createDb.sql = createDb.sql
		docker-compose.yml = docker-compose.yml
		README.md = README.md
		RunApp.ps1 = RunApp.ps1
		C:\Users\Lucas Ost\Downloads\SwaggerApi.PNG = C:\Users\Lucas Ost\Downloads\SwaggerApi.PNG
	EndProjectSection
EndProject
Global
	GlobalSection(SolutionConfigurationPlatforms) = preSolution
		Debug|Any CPU = Debug|Any CPU
		Release|Any CPU = Release|Any CPU
	EndGlobalSection
	GlobalSection(ProjectConfigurationPlatforms) = postSolution
		{D39639FA-D885-44F9-B493-C173ABA6B003}.Debug|Any CPU.ActiveCfg = Debug|Any CPU
		{D39639FA-D885-44F9-B493-C173ABA6B003}.Debug|Any CPU.Build.0 = Debug|Any CPU
		{D39639FA-D885-44F9-B493-C173ABA6B003}.Release|Any CPU.ActiveCfg = Release|Any CPU
		{D39639FA-D885-44F9-B493-C173ABA6B003}.Release|Any CPU.Build.0 = Release|Any CPU
		{8E252DA6-EBAE-4B4E-ADBC-9DE26776BA59}.Debug|Any CPU.ActiveCfg = Debug|Any CPU
		{8E252DA6-EBAE-4B4E-ADBC-9DE26776BA59}.Debug|Any CPU.Build.0 = Debug|Any CPU
		{8E252DA6-EBAE-4B4E-ADBC-9DE26776BA59}.Release|Any CPU.ActiveCfg = Release|Any CPU
		{8E252DA6-EBAE-4B4E-ADBC-9DE26776BA59}.Release|Any CPU.Build.0 = Release|Any CPU
		{E45C4DD1-A046-44B3-BC52-25879E20CE73}.Debug|Any CPU.ActiveCfg = Debug|Any CPU
		{E45C4DD1-A046-44B3-BC52-25879E20CE73}.Debug|Any CPU.Build.0 = Debug|Any CPU
		{E45C4DD1-A046-44B3-BC52-25879E20CE73}.Release|Any CPU.ActiveCfg = Release|Any CPU
		{E45C4DD1-A046-44B3-BC52-25879E20CE73}.Release|Any CPU.Build.0 = Release|Any CPU
		{B9088318-8A8F-4161-B588-E9CA64752698}.Debug|Any CPU.ActiveCfg = Debug|Any CPU
		{B9088318-8A8F-4161-B588-E9CA64752698}.Debug|Any CPU.Build.0 = Debug|Any CPU
		{B9088318-8A8F-4161-B588-E9CA64752698}.Release|Any CPU.ActiveCfg = Release|Any CPU
		{B9088318-8A8F-4161-B588-E9CA64752698}.Release|Any CPU.Build.0 = Release|Any CPU
		{A803E41C-BE72-4EF2-A4BA-AD2744D26CEB}.Debug|Any CPU.ActiveCfg = Debug|Any CPU
		{A803E41C-BE72-4EF2-A4BA-AD2744D26CEB}.Debug|Any CPU.Build.0 = Debug|Any CPU
		{A803E41C-BE72-4EF2-A4BA-AD2744D26CEB}.Release|Any CPU.ActiveCfg = Release|Any CPU
		{A803E41C-BE72-4EF2-A4BA-AD2744D26CEB}.Release|Any CPU.Build.0 = Release|Any CPU
		{8F2E0682-467D-4DE9-9E5F-126DE79B5789}.Debug|Any CPU.ActiveCfg = Debug|Any CPU
		{8F2E0682-467D-4DE9-9E5F-126DE79B5789}.Debug|Any CPU.Build.0 = Debug|Any CPU
		{8F2E0682-467D-4DE9-9E5F-126DE79B5789}.Release|Any CPU.ActiveCfg = Release|Any CPU
		{8F2E0682-467D-4DE9-9E5F-126DE79B5789}.Release|Any CPU.Build.0 = Release|Any CPU
		{C82A6214-084D-4899-98D8-663F3C82FEF4}.Debug|Any CPU.ActiveCfg = Debug|Any CPU
		{C82A6214-084D-4899-98D8-663F3C82FEF4}.Debug|Any CPU.Build.0 = Debug|Any CPU
		{C82A6214-084D-4899-98D8-663F3C82FEF4}.Release|Any CPU.ActiveCfg = Release|Any CPU
		{C82A6214-084D-4899-98D8-663F3C82FEF4}.Release|Any CPU.Build.0 = Release|Any CPU
		{EB2DA349-D661-4CC0-8C48-885A3AFF48CB}.Debug|Any CPU.ActiveCfg = Debug|Any CPU
		{EB2DA349-D661-4CC0-8C48-885A3AFF48CB}.Debug|Any CPU.Build.0 = Debug|Any CPU
		{EB2DA349-D661-4CC0-8C48-885A3AFF48CB}.Release|Any CPU.ActiveCfg = Release|Any CPU
		{EB2DA349-D661-4CC0-8C48-885A3AFF48CB}.Release|Any CPU.Build.0 = Release|Any CPU
	EndGlobalSection
	GlobalSection(SolutionProperties) = preSolution
		HideSolutionNode = FALSE
	EndGlobalSection
	GlobalSection(ExtensibilityGlobals) = postSolution
		SolutionGuid = {678EDEF1-B7FD-4CD5-9546-ECDD8F6EF298}
	EndGlobalSection
EndGlobal
